Microsoft Visual Studio Solution File, Format Version 12.00
# Visual Studio Version 17
VisualStudioVersion = 17.5.2.0
MinimumVisualStudioVersion = 10.0.40219.1
Project("{FAE04EC0-301F-11D3-BF4B-00C04F79EFBC}") = "StringLibrary", "StringLibrary\StringLibrary.csproj", "{DDDD3373-5B39-2BBF-203C-424524F7B397}"
EndProject
Project("{FAE04EC0-301F-11D3-BF4B-00C04F79EFBC}") = "StringLibraryTest", "StringLibraryTest\StringLibraryTest.csproj", "{F40C78E6-0247-25BF-C0D8-044940E9DD06}"
EndProject
Global
	GlobalSection(SolutionConfigurationPlatforms) = preSolution
		Debug|Any CPU = Debug|Any CPU
		Release|Any CPU = Release|Any CPU
	EndGlobalSection
	GlobalSection(ProjectConfigurationPlatforms) = postSolution
		{DDDD3373-5B39-2BBF-203C-424524F7B397}.Debug|Any CPU.ActiveCfg = Debug|Any CPU
		{DDDD3373-5B39-2BBF-203C-424524F7B397}.Debug|Any CPU.Build.0 = Debug|Any CPU
		{DDDD3373-5B39-2BBF-203C-424524F7B397}.Release|Any CPU.ActiveCfg = Release|Any CPU
		{DDDD3373-5B39-2BBF-203C-424524F7B397}.Release|Any CPU.Build.0 = Release|Any CPU
		{F40C78E6-0247-25BF-C0D8-044940E9DD06}.Debug|Any CPU.ActiveCfg = Debug|Any CPU
		{F40C78E6-0247-25BF-C0D8-044940E9DD06}.Debug|Any CPU.Build.0 = Debug|Any CPU
		{F40C78E6-0247-25BF-C0D8-044940E9DD06}.Release|Any CPU.ActiveCfg = Release|Any CPU
		{F40C78E6-0247-25BF-C0D8-044940E9DD06}.Release|Any CPU.Build.0 = Release|Any CPU
	EndGlobalSection
	GlobalSection(SolutionProperties) = preSolution
		HideSolutionNode = FALSE
	EndGlobalSection
	GlobalSection(ExtensibilityGlobals) = postSolution
		SolutionGuid = {68479DC4-8442-47B5-AB15-B948C37938E1}
	EndGlobalSection
EndGlobal
